
Microsoft Visual Studio Solution File, Format Version 12.00
# Visual Studio Version 17
VisualStudioVersion = 17.14.36109.1 d17.14
MinimumVisualStudioVersion = 10.0.40219.1
Project("{FAE04EC0-301F-11D3-BF4B-00C04F79EFBC}") = "Network Traffic Analyzer", "Network Traffic Analyzer\Network Traffic Analyzer.csproj", "{54B07BE9-1EF1-3C17-3493-4D7246349D3B}"
EndProject
Project("{FAE04EC0-301F-11D3-BF4B-00C04F79EFBC}") = "Network Traffic Analyzer.Desktop", "Network Traffic Analyzer.Desktop\Network Traffic Analyzer.Desktop.csproj", "{B35C9F58-0C55-314D-970E-DD96467BF8EF}"
EndProject
Global
	GlobalSection(SolutionConfigurationPlatforms) = preSolution
		Debug|Any CPU = Debug|Any CPU
		Release|Any CPU = Release|Any CPU
	EndGlobalSection
	GlobalSection(ProjectConfigurationPlatforms) = postSolution
		{54B07BE9-1EF1-3C17-3493-4D7246349D3B}.Debug|Any CPU.ActiveCfg = Debug|Any CPU
		{54B07BE9-1EF1-3C17-3493-4D7246349D3B}.Debug|Any CPU.Build.0 = Debug|Any CPU
		{54B07BE9-1EF1-3C17-3493-4D7246349D3B}.Release|Any CPU.ActiveCfg = Release|Any CPU
		{54B07BE9-1EF1-3C17-3493-4D7246349D3B}.Release|Any CPU.Build.0 = Release|Any CPU
		{B35C9F58-0C55-314D-970E-DD96467BF8EF}.Debug|Any CPU.ActiveCfg = Debug|Any CPU
		{B35C9F58-0C55-314D-970E-DD96467BF8EF}.Debug|Any CPU.Build.0 = Debug|Any CPU
		{B35C9F58-0C55-314D-970E-DD96467BF8EF}.Release|Any CPU.ActiveCfg = Release|Any CPU
		{B35C9F58-0C55-314D-970E-DD96467BF8EF}.Release|Any CPU.Build.0 = Release|Any CPU
	EndGlobalSection
	GlobalSection(SolutionProperties) = preSolution
		HideSolutionNode = FALSE
	EndGlobalSection
	GlobalSection(ExtensibilityGlobals) = postSolution
		SolutionGuid = {1F7EDFCD-1448-4579-B8CF-9F273A92AD12}
	EndGlobalSection
EndGlobal
